
Microsoft Visual Studio Solution File, Format Version 12.00
# Visual Studio 15
VisualStudioVersion = 15.0.27130.2020
MinimumVisualStudioVersion = 10.0.40219.1
Project("{FAE04EC0-301F-11D3-BF4B-00C04F79EFBC}") = "SkiaSharpControl.Android", "SkiaSharpControl\SkiaSharpControl.Android\SkiaSharpControl.Android.csproj", "{E7471384-364D-4D9E-AA7D-BAE65B82932D}"
EndProject
Project("{FAE04EC0-301F-11D3-BF4B-00C04F79EFBC}") = "SkiaSharpControl.iOS", "SkiaSharpControl\SkiaSharpControl.iOS\SkiaSharpControl.iOS.csproj", "{AE99A552-3684-4810-9FE5-33185D7CDC68}"
EndProject
Project("{FAE04EC0-301F-11D3-BF4B-00C04F79EFBC}") = "SkiaSharpControl.UWP", "SkiaSharpControl\SkiaSharpControl.UWP\SkiaSharpControl.UWP.csproj", "{02E996FF-FDF7-4C32-9F72-4BC2FC5F2FAD}"
EndProject
Project("{D954291E-2A0B-460D-934E-DC6B0785DB48}") = "SkiaSharpControl", "SkiaSharpControl\SkiaSharpControl\SkiaSharpControl.shproj", "{FE5BDBA1-5E15-4732-81F3-CE2B8E42A38A}"
EndProject
Project("{2150E333-8FDC-42A3-9474-1A3956D46DE8}") = "Solution Items", "Solution Items", "{54371B7B-6904-4AFD-8B04-3EB7FF7A8D5E}"
	ProjectSection(SolutionItems) = preProject
		README.md = README.md
	EndProjectSection
EndProject
Global
	GlobalSection(SharedMSBuildProjectFiles) = preSolution
		SkiaSharpControl\SkiaSharpControl\SkiaSharpControl.projitems*{02e996ff-fdf7-4c32-9f72-4bc2fc5f2fad}*SharedItemsImports = 4
		SkiaSharpControl\SkiaSharpControl\SkiaSharpControl.projitems*{ae99a552-3684-4810-9fe5-33185d7cdc68}*SharedItemsImports = 4
		SkiaSharpControl\SkiaSharpControl\SkiaSharpControl.projitems*{e7471384-364d-4d9e-aa7d-bae65b82932d}*SharedItemsImports = 4
		SkiaSharpControl\SkiaSharpControl\SkiaSharpControl.projitems*{fe5bdba1-5e15-4732-81f3-ce2b8e42a38a}*SharedItemsImports = 13
	EndGlobalSection
	GlobalSection(SolutionConfigurationPlatforms) = preSolution
		Ad-Hoc|Any CPU = Ad-Hoc|Any CPU
		Ad-Hoc|ARM = Ad-Hoc|ARM
		Ad-Hoc|iPhone = Ad-Hoc|iPhone
		Ad-Hoc|iPhoneSimulator = Ad-Hoc|iPhoneSimulator
		Ad-Hoc|x64 = Ad-Hoc|x64
		Ad-Hoc|x86 = Ad-Hoc|x86
		AppStore|Any CPU = AppStore|Any CPU
		AppStore|ARM = AppStore|ARM
		AppStore|iPhone = AppStore|iPhone
		AppStore|iPhoneSimulator = AppStore|iPhoneSimulator
		AppStore|x64 = AppStore|x64
		AppStore|x86 = AppStore|x86
		Debug|Any CPU = Debug|Any CPU
		Debug|ARM = Debug|ARM
		Debug|iPhone = Debug|iPhone
		Debug|iPhoneSimulator = Debug|iPhoneSimulator
		Debug|x64 = Debug|x64
		Debug|x86 = Debug|x86
		Release|Any CPU = Release|Any CPU
		Release|ARM = Release|ARM
		Release|iPhone = Release|iPhone
		Release|iPhoneSimulator = Release|iPhoneSimulator
		Release|x64 = Release|x64
		Release|x86 = Release|x86
	EndGlobalSection
	GlobalSection(ProjectConfigurationPlatforms) = postSolution
		{E7471384-364D-4D9E-AA7D-BAE65B82932D}.Ad-Hoc|Any CPU.ActiveCfg = Release|Any CPU
		{E7471384-364D-4D9E-AA7D-BAE65B82932D}.Ad-Hoc|Any CPU.Build.0 = Release|Any CPU
		{E7471384-364D-4D9E-AA7D-BAE65B82932D}.Ad-Hoc|Any CPU.Deploy.0 = Release|Any CPU
		{E7471384-364D-4D9E-AA7D-BAE65B82932D}.Ad-Hoc|ARM.ActiveCfg = Release|Any CPU
		{E7471384-364D-4D9E-AA7D-BAE65B82932D}.Ad-Hoc|ARM.Build.0 = Release|Any CPU
		{E7471384-364D-4D9E-AA7D-BAE65B82932D}.Ad-Hoc|ARM.Deploy.0 = Release|Any CPU
		{E7471384-364D-4D9E-AA7D-BAE65B82932D}.Ad-Hoc|iPhone.ActiveCfg = Release|Any CPU
		{E7471384-364D-4D9E-AA7D-BAE65B82932D}.Ad-Hoc|iPhone.Build.0 = Release|Any CPU
		{E7471384-364D-4D9E-AA7D-BAE65B82932D}.Ad-Hoc|iPhone.Deploy.0 = Release|Any CPU
		{E7471384-364D-4D9E-AA7D-BAE65B82932D}.Ad-Hoc|iPhoneSimulator.ActiveCfg = Release|Any CPU
		{E7471384-364D-4D9E-AA7D-BAE65B82932D}.Ad-Hoc|iPhoneSimulator.Build.0 = Release|Any CPU
		{E7471384-364D-4D9E-AA7D-BAE65B82932D}.Ad-Hoc|iPhoneSimulator.Deploy.0 = Release|Any CPU
		{E7471384-364D-4D9E-AA7D-BAE65B82932D}.Ad-Hoc|x64.ActiveCfg = Release|Any CPU
		{E7471384-364D-4D9E-AA7D-BAE65B82932D}.Ad-Hoc|x64.Build.0 = Release|Any CPU
		{E7471384-364D-4D9E-AA7D-BAE65B82932D}.Ad-Hoc|x64.Deploy.0 = Release|Any CPU
		{E7471384-364D-4D9E-AA7D-BAE65B82932D}.Ad-Hoc|x86.ActiveCfg = Release|Any CPU
		{E7471384-364D-4D9E-AA7D-BAE65B82932D}.Ad-Hoc|x86.Build.0 = Release|Any CPU
		{E7471384-364D-4D9E-AA7D-BAE65B82932D}.Ad-Hoc|x86.Deploy.0 = Release|Any CPU
		{E7471384-364D-4D9E-AA7D-BAE65B82932D}.AppStore|Any CPU.ActiveCfg = Release|Any CPU
		{E7471384-364D-4D9E-AA7D-BAE65B82932D}.AppStore|Any CPU.Build.0 = Release|Any CPU
		{E7471384-364D-4D9E-AA7D-BAE65B82932D}.AppStore|Any CPU.Deploy.0 = Release|Any CPU
		{E7471384-364D-4D9E-AA7D-BAE65B82932D}.AppStore|ARM.ActiveCfg = Release|Any CPU
		{E7471384-364D-4D9E-AA7D-BAE65B82932D}.AppStore|ARM.Build.0 = Release|Any CPU
		{E7471384-364D-4D9E-AA7D-BAE65B82932D}.AppStore|ARM.Deploy.0 = Release|Any CPU
		{E7471384-364D-4D9E-AA7D-BAE65B82932D}.AppStore|iPhone.ActiveCfg = Release|Any CPU
		{E7471384-364D-4D9E-AA7D-BAE65B82932D}.AppStore|iPhone.Build.0 = Release|Any CPU
		{E7471384-364D-4D9E-AA7D-BAE65B82932D}.AppStore|iPhone.Deploy.0 = Release|Any CPU
		{E7471384-364D-4D9E-AA7D-BAE65B82932D}.AppStore|iPhoneSimulator.ActiveCfg = Release|Any CPU
		{E7471384-364D-4D9E-AA7D-BAE65B82932D}.AppStore|iPhoneSimulator.Build.0 = Release|Any CPU
		{E7471384-364D-4D9E-AA7D-BAE65B82932D}.AppStore|iPhoneSimulator.Deploy.0 = Release|Any CPU
		{E7471384-364D-4D9E-AA7D-BAE65B82932D}.AppStore|x64.ActiveCfg = Release|Any CPU
		{E7471384-364D-4D9E-AA7D-BAE65B82932D}.AppStore|x64.Build.0 = Release|Any CPU
		{E7471384-364D-4D9E-AA7D-BAE65B82932D}.AppStore|x64.Deploy.0 = Release|Any CPU
		{E7471384-364D-4D9E-AA7D-BAE65B82932D}.AppStore|x86.ActiveCfg = Release|Any CPU
		{E7471384-364D-4D9E-AA7D-BAE65B82932D}.AppStore|x86.Build.0 = Release|Any CPU
		{E7471384-364D-4D9E-AA7D-BAE65B82932D}.AppStore|x86.Deploy.0 = Release|Any CPU
		{E7471384-364D-4D9E-AA7D-BAE65B82932D}.Debug|Any CPU.ActiveCfg = Debug|Any CPU
		{E7471384-364D-4D9E-AA7D-BAE65B82932D}.Debug|Any CPU.Build.0 = Debug|Any CPU
		{E7471384-364D-4D9E-AA7D-BAE65B82932D}.Debug|Any CPU.Deploy.0 = Debug|Any CPU
		{E7471384-364D-4D9E-AA7D-BAE65B82932D}.Debug|ARM.ActiveCfg = Debug|Any CPU
		{E7471384-364D-4D9E-AA7D-BAE65B82932D}.Debug|ARM.Build.0 = Debug|Any CPU
		{E7471384-364D-4D9E-AA7D-BAE65B82932D}.Debug|ARM.Deploy.0 = Debug|Any CPU
		{E7471384-364D-4D9E-AA7D-BAE65B82932D}.Debug|iPhone.ActiveCfg = Debug|Any CPU
		{E7471384-364D-4D9E-AA7D-BAE65B82932D}.Debug|iPhone.Build.0 = Debug|Any CPU
		{E7471384-364D-4D9E-AA7D-BAE65B82932D}.Debug|iPhone.Deploy.0 = Debug|Any CPU
		{E7471384-364D-4D9E-AA7D-BAE65B82932D}.Debug|iPhoneSimulator.ActiveCfg = Debug|Any CPU
		{E7471384-364D-4D9E-AA7D-BAE65B82932D}.Debug|iPhoneSimulator.Build.0 = Debug|Any CPU
		{E7471384-364D-4D9E-AA7D-BAE65B82932D}.Debug|iPhoneSimulator.Deploy.0 = Debug|Any CPU
		{E7471384-364D-4D9E-AA7D-BAE65B82932D}.Debug|x64.ActiveCfg = Debug|Any CPU
		{E7471384-364D-4D9E-AA7D-BAE65B82932D}.Debug|x64.Build.0 = Debug|Any CPU
		{E7471384-364D-4D9E-AA7D-BAE65B82932D}.Debug|x64.Deploy.0 = Debug|Any CPU
		{E7471384-364D-4D9E-AA7D-BAE65B82932D}.Debug|x86.ActiveCfg = Debug|Any CPU
		{E7471384-364D-4D9E-AA7D-BAE65B82932D}.Debug|x86.Build.0 = Debug|Any CPU
		{E7471384-364D-4D9E-AA7D-BAE65B82932D}.Debug|x86.Deploy.0 = Debug|Any CPU
		{E7471384-364D-4D9E-AA7D-BAE65B82932D}.Release|Any CPU.ActiveCfg = Release|Any CPU
		{E7471384-364D-4D9E-AA7D-BAE65B82932D}.Release|Any CPU.Build.0 = Release|Any CPU
		{E7471384-364D-4D9E-AA7D-BAE65B82932D}.Release|Any CPU.Deploy.0 = Release|Any CPU
		{E7471384-364D-4D9E-AA7D-BAE65B82932D}.Release|ARM.ActiveCfg = Release|Any CPU
		{E7471384-364D-4D9E-AA7D-BAE65B82932D}.Release|ARM.Build.0 = Release|Any CPU
		{E7471384-364D-4D9E-AA7D-BAE65B82932D}.Release|ARM.Deploy.0 = Release|Any CPU
		{E7471384-364D-4D9E-AA7D-BAE65B82932D}.Release|iPhone.ActiveCfg = Release|Any CPU
		{E7471384-364D-4D9E-AA7D-BAE65B82932D}.Release|iPhone.Build.0 = Release|Any CPU
		{E7471384-364D-4D9E-AA7D-BAE65B82932D}.Release|iPhone.Deploy.0 = Release|Any CPU
		{E7471384-364D-4D9E-AA7D-BAE65B82932D}.Release|iPhoneSimulator.ActiveCfg = Release|Any CPU
		{E7471384-364D-4D9E-AA7D-BAE65B82932D}.Release|iPhoneSimulator.Build.0 = Release|Any CPU
		{E7471384-364D-4D9E-AA7D-BAE65B82932D}.Release|iPhoneSimulator.Deploy.0 = Release|Any CPU
		{E7471384-364D-4D9E-AA7D-BAE65B82932D}.Release|x64.ActiveCfg = Release|Any CPU
		{E7471384-364D-4D9E-AA7D-BAE65B82932D}.Release|x64.Build.0 = Release|Any CPU
		{E7471384-364D-4D9E-AA7D-BAE65B82932D}.Release|x64.Deploy.0 = Release|Any CPU
		{E7471384-364D-4D9E-AA7D-BAE65B82932D}.Release|x86.ActiveCfg = Release|Any CPU
		{E7471384-364D-4D9E-AA7D-BAE65B82932D}.Release|x86.Build.0 = Release|Any CPU
		{E7471384-364D-4D9E-AA7D-BAE65B82932D}.Release|x86.Deploy.0 = Release|Any CPU
		{AE99A552-3684-4810-9FE5-33185D7CDC68}.Ad-Hoc|Any CPU.ActiveCfg = Ad-Hoc|iPhone
		{AE99A552-3684-4810-9FE5-33185D7CDC68}.Ad-Hoc|ARM.ActiveCfg = Ad-Hoc|iPhone
		{AE99A552-3684-4810-9FE5-33185D7CDC68}.Ad-Hoc|iPhone.ActiveCfg = Ad-Hoc|iPhone
		{AE99A552-3684-4810-9FE5-33185D7CDC68}.Ad-Hoc|iPhone.Build.0 = Ad-Hoc|iPhone
		{AE99A552-3684-4810-9FE5-33185D7CDC68}.Ad-Hoc|iPhoneSimulator.ActiveCfg = Ad-Hoc|iPhoneSimulator
		{AE99A552-3684-4810-9FE5-33185D7CDC68}.Ad-Hoc|iPhoneSimulator.Build.0 = Ad-Hoc|iPhoneSimulator
		{AE99A552-3684-4810-9FE5-33185D7CDC68}.Ad-Hoc|x64.ActiveCfg = Ad-Hoc|iPhone
		{AE99A552-3684-4810-9FE5-33185D7CDC68}.Ad-Hoc|x86.ActiveCfg = Ad-Hoc|iPhone
		{AE99A552-3684-4810-9FE5-33185D7CDC68}.AppStore|Any CPU.ActiveCfg = AppStore|iPhone
		{AE99A552-3684-4810-9FE5-33185D7CDC68}.AppStore|ARM.ActiveCfg = AppStore|iPhone
		{AE99A552-3684-4810-9FE5-33185D7CDC68}.AppStore|iPhone.ActiveCfg = AppStore|iPhone
		{AE99A552-3684-4810-9FE5-33185D7CDC68}.AppStore|iPhone.Build.0 = AppStore|iPhone
		{AE99A552-3684-4810-9FE5-33185D7CDC68}.AppStore|iPhoneSimulator.ActiveCfg = AppStore|iPhoneSimulator
		{AE99A552-3684-4810-9FE5-33185D7CDC68}.AppStore|iPhoneSimulator.Build.0 = AppStore|iPhoneSimulator
		{AE99A552-3684-4810-9FE5-33185D7CDC68}.AppStore|x64.ActiveCfg = AppStore|iPhone
		{AE99A552-3684-4810-9FE5-33185D7CDC68}.AppStore|x86.ActiveCfg = AppStore|iPhone
		{AE99A552-3684-4810-9FE5-33185D7CDC68}.Debug|Any CPU.ActiveCfg = Debug|iPhone
		{AE99A552-3684-4810-9FE5-33185D7CDC68}.Debug|ARM.ActiveCfg = Debug|iPhone
		{AE99A552-3684-4810-9FE5-33185D7CDC68}.Debug|iPhone.ActiveCfg = Debug|iPhone
		{AE99A552-3684-4810-9FE5-33185D7CDC68}.Debug|iPhone.Build.0 = Debug|iPhone
		{AE99A552-3684-4810-9FE5-33185D7CDC68}.Debug|iPhoneSimulator.ActiveCfg = Debug|iPhoneSimulator
		{AE99A552-3684-4810-9FE5-33185D7CDC68}.Debug|iPhoneSimulator.Build.0 = Debug|iPhoneSimulator
		{AE99A552-3684-4810-9FE5-33185D7CDC68}.Debug|x64.ActiveCfg = Debug|iPhone
		{AE99A552-3684-4810-9FE5-33185D7CDC68}.Debug|x86.ActiveCfg = Debug|iPhone
		{AE99A552-3684-4810-9FE5-33185D7CDC68}.Release|Any CPU.ActiveCfg = Release|iPhone
		{AE99A552-3684-4810-9FE5-33185D7CDC68}.Release|ARM.ActiveCfg = Release|iPhone
		{AE99A552-3684-4810-9FE5-33185D7CDC68}.Release|iPhone.ActiveCfg = Release|iPhone
		{AE99A552-3684-4810-9FE5-33185D7CDC68}.Release|iPhone.Build.0 = Release|iPhone
		{AE99A552-3684-4810-9FE5-33185D7CDC68}.Release|iPhoneSimulator.ActiveCfg = Release|iPhoneSimulator
		{AE99A552-3684-4810-9FE5-33185D7CDC68}.Release|iPhoneSimulator.Build.0 = Release|iPhoneSimulator
		{AE99A552-3684-4810-9FE5-33185D7CDC68}.Release|x64.ActiveCfg = Release|iPhone
		{AE99A552-3684-4810-9FE5-33185D7CDC68}.Release|x86.ActiveCfg = Release|iPhone
		{02E996FF-FDF7-4C32-9F72-4BC2FC5F2FAD}.Ad-Hoc|Any CPU.ActiveCfg = Release|x86
		{02E996FF-FDF7-4C32-9F72-4BC2FC5F2FAD}.Ad-Hoc|Any CPU.Build.0 = Release|x86
		{02E996FF-FDF7-4C32-9F72-4BC2FC5F2FAD}.Ad-Hoc|Any CPU.Deploy.0 = Release|x86
		{02E996FF-FDF7-4C32-9F72-4BC2FC5F2FAD}.Ad-Hoc|ARM.ActiveCfg = Release|ARM
		{02E996FF-FDF7-4C32-9F72-4BC2FC5F2FAD}.Ad-Hoc|ARM.Build.0 = Release|ARM
		{02E996FF-FDF7-4C32-9F72-4BC2FC5F2FAD}.Ad-Hoc|ARM.Deploy.0 = Release|ARM
		{02E996FF-FDF7-4C32-9F72-4BC2FC5F2FAD}.Ad-Hoc|iPhone.ActiveCfg = Release|x86
		{02E996FF-FDF7-4C32-9F72-4BC2FC5F2FAD}.Ad-Hoc|iPhone.Build.0 = Release|x86
		{02E996FF-FDF7-4C32-9F72-4BC2FC5F2FAD}.Ad-Hoc|iPhone.Deploy.0 = Release|x86
		{02E996FF-FDF7-4C32-9F72-4BC2FC5F2FAD}.Ad-Hoc|iPhoneSimulator.ActiveCfg = Release|x86
		{02E996FF-FDF7-4C32-9F72-4BC2FC5F2FAD}.Ad-Hoc|iPhoneSimulator.Build.0 = Release|x86
		{02E996FF-FDF7-4C32-9F72-4BC2FC5F2FAD}.Ad-Hoc|iPhoneSimulator.Deploy.0 = Release|x86
		{02E996FF-FDF7-4C32-9F72-4BC2FC5F2FAD}.Ad-Hoc|x64.ActiveCfg = Release|x64
		{02E996FF-FDF7-4C32-9F72-4BC2FC5F2FAD}.Ad-Hoc|x64.Build.0 = Release|x64
		{02E996FF-FDF7-4C32-9F72-4BC2FC5F2FAD}.Ad-Hoc|x64.Deploy.0 = Release|x64
		{02E996FF-FDF7-4C32-9F72-4BC2FC5F2FAD}.Ad-Hoc|x86.ActiveCfg = Release|x86
		{02E996FF-FDF7-4C32-9F72-4BC2FC5F2FAD}.Ad-Hoc|x86.Build.0 = Release|x86
		{02E996FF-FDF7-4C32-9F72-4BC2FC5F2FAD}.Ad-Hoc|x86.Deploy.0 = Release|x86
		{02E996FF-FDF7-4C32-9F72-4BC2FC5F2FAD}.AppStore|Any CPU.ActiveCfg = Release|x86
		{02E996FF-FDF7-4C32-9F72-4BC2FC5F2FAD}.AppStore|Any CPU.Build.0 = Release|x86
		{02E996FF-FDF7-4C32-9F72-4BC2FC5F2FAD}.AppStore|Any CPU.Deploy.0 = Release|x86
		{02E996FF-FDF7-4C32-9F72-4BC2FC5F2FAD}.AppStore|ARM.ActiveCfg = Release|ARM
		{02E996FF-FDF7-4C32-9F72-4BC2FC5F2FAD}.AppStore|ARM.Build.0 = Release|ARM
		{02E996FF-FDF7-4C32-9F72-4BC2FC5F2FAD}.AppStore|ARM.Deploy.0 = Release|ARM
		{02E996FF-FDF7-4C32-9F72-4BC2FC5F2FAD}.AppStore|iPhone.ActiveCfg = Release|x86
		{02E996FF-FDF7-4C32-9F72-4BC2FC5F2FAD}.AppStore|iPhone.Build.0 = Release|x86
		{02E996FF-FDF7-4C32-9F72-4BC2FC5F2FAD}.AppStore|iPhone.Deploy.0 = Release|x86
		{02E996FF-FDF7-4C32-9F72-4BC2FC5F2FAD}.AppStore|iPhoneSimulator.ActiveCfg = Release|x86
		{02E996FF-FDF7-4C32-9F72-4BC2FC5F2FAD}.AppStore|iPhoneSimulator.Build.0 = Release|x86
		{02E996FF-FDF7-4C32-9F72-4BC2FC5F2FAD}.AppStore|iPhoneSimulator.Deploy.0 = Release|x86
		{02E996FF-FDF7-4C32-9F72-4BC2FC5F2FAD}.AppStore|x64.ActiveCfg = Release|x64
		{02E996FF-FDF7-4C32-9F72-4BC2FC5F2FAD}.AppStore|x64.Build.0 = Release|x64
		{02E996FF-FDF7-4C32-9F72-4BC2FC5F2FAD}.AppStore|x64.Deploy.0 = Release|x64
		{02E996FF-FDF7-4C32-9F72-4BC2FC5F2FAD}.AppStore|x86.ActiveCfg = Release|x86
		{02E996FF-FDF7-4C32-9F72-4BC2FC5F2FAD}.AppStore|x86.Build.0 = Release|x86
		{02E996FF-FDF7-4C32-9F72-4BC2FC5F2FAD}.AppStore|x86.Deploy.0 = Release|x86
		{02E996FF-FDF7-4C32-9F72-4BC2FC5F2FAD}.Debug|Any CPU.ActiveCfg = Debug|x86
		{02E996FF-FDF7-4C32-9F72-4BC2FC5F2FAD}.Debug|ARM.ActiveCfg = Debug|ARM
		{02E996FF-FDF7-4C32-9F72-4BC2FC5F2FAD}.Debug|ARM.Build.0 = Debug|ARM
		{02E996FF-FDF7-4C32-9F72-4BC2FC5F2FAD}.Debug|ARM.Deploy.0 = Debug|ARM
		{02E996FF-FDF7-4C32-9F72-4BC2FC5F2FAD}.Debug|iPhone.ActiveCfg = Debug|x86
		{02E996FF-FDF7-4C32-9F72-4BC2FC5F2FAD}.Debug|iPhoneSimulator.ActiveCfg = Debug|x86
		{02E996FF-FDF7-4C32-9F72-4BC2FC5F2FAD}.Debug|x64.ActiveCfg = Debug|x64
		{02E996FF-FDF7-4C32-9F72-4BC2FC5F2FAD}.Debug|x64.Build.0 = Debug|x64
		{02E996FF-FDF7-4C32-9F72-4BC2FC5F2FAD}.Debug|x64.Deploy.0 = Debug|x64
		{02E996FF-FDF7-4C32-9F72-4BC2FC5F2FAD}.Debug|x86.ActiveCfg = Debug|x86
		{02E996FF-FDF7-4C32-9F72-4BC2FC5F2FAD}.Debug|x86.Build.0 = Debug|x86
		{02E996FF-FDF7-4C32-9F72-4BC2FC5F2FAD}.Debug|x86.Deploy.0 = Debug|x86
		{02E996FF-FDF7-4C32-9F72-4BC2FC5F2FAD}.Release|Any CPU.ActiveCfg = Release|x86
		{02E996FF-FDF7-4C32-9F72-4BC2FC5F2FAD}.Release|ARM.ActiveCfg = Release|ARM
		{02E996FF-FDF7-4C32-9F72-4BC2FC5F2FAD}.Release|ARM.Build.0 = Release|ARM
		{02E996FF-FDF7-4C32-9F72-4BC2FC5F2FAD}.Release|ARM.Deploy.0 = Release|ARM
		{02E996FF-FDF7-4C32-9F72-4BC2FC5F2FAD}.Release|iPhone.ActiveCfg = Release|x86
		{02E996FF-FDF7-4C32-9F72-4BC2FC5F2FAD}.Release|iPhoneSimulator.ActiveCfg = Release|x86
		{02E996FF-FDF7-4C32-9F72-4BC2FC5F2FAD}.Release|x64.ActiveCfg = Release|x64
		{02E996FF-FDF7-4C32-9F72-4BC2FC5F2FAD}.Release|x64.Build.0 = Release|x64
		{02E996FF-FDF7-4C32-9F72-4BC2FC5F2FAD}.Release|x64.Deploy.0 = Release|x64
		{02E996FF-FDF7-4C32-9F72-4BC2FC5F2FAD}.Release|x86.ActiveCfg = Release|x86
		{02E996FF-FDF7-4C32-9F72-4BC2FC5F2FAD}.Release|x86.Build.0 = Release|x86
		{02E996FF-FDF7-4C32-9F72-4BC2FC5F2FAD}.Release|x86.Deploy.0 = Release|x86
	EndGlobalSection
	GlobalSection(SolutionProperties) = preSolution
		HideSolutionNode = FALSE
	EndGlobalSection
	GlobalSection(ExtensibilityGlobals) = postSolution
		SolutionGuid = {48095D73-42B5-43BB-B941-EAF2604B3114}
	EndGlobalSection
EndGlobal
